<?xml version="1.0" encoding="utf-8"?>
<Project xmlns="http://schemas.microsoft.com/developer/msbuild/2003">
  <ItemGroup>
    <Filter Include="Form Files">
      <UniqueIdentifier>{99349809-55BA-4b9d-BF79-8FDBB0286EB3}</UniqueIdentifier>
      <Extensions>ui</Extensions>
      <ParseFiles>false</ParseFiles>
    </Filter>
    <Filter Include="Form Files">
      <UniqueIdentifier>{99349809-55BA-4b9d-BF79-8FDBB0286EB3}</UniqueIdentifier>
      <Extensions>ui</Extensions>
      <ParseFiles>false</ParseFiles>
    </Filter>
    <Filter Include="Generated Files">
      <UniqueIdentifier>{71ED8ED8-ACB9-4CE9-BBE1-E00B30144E11}</UniqueIdentifier>
      <Extensions>cpp;c;cxx;moc;h;def;odl;idl;res;</Extensions>
    </Filter>
    <Filter Include="Generated Files">
      <UniqueIdentifier>{71ED8ED8-ACB9-4CE9-BBE1-E00B30144E11}</UniqueIdentifier>
      <Extensions>cpp;c;cxx;moc;h;def;odl;idl;res;</Extensions>
    </Filter>
    <Filter Include="Header Files">
      <UniqueIdentifier>{93995380-89BD-4b04-88EB-625FBE52EBFB}</UniqueIdentifier>
      <Extensions>h;hpp;hxx;hm;inl;inc;xsd</Extensions>
    </Filter>
    <Filter Include="Header Files">
      <UniqueIdentifier>{93995380-89BD-4b04-88EB-625FBE52EBFB}</UniqueIdentifier>
      <Extensions>h;hpp;hxx;hm;inl;inc;xsd</Extensions>
    </Filter>
    <Filter Include="Source Files">
      <UniqueIdentifier>{4FC737F1-C7A5-4376-A066-2A32D752A2FF}</UniqueIdentifier>
      <Extensions>cpp;c;cxx;def;odl;idl;hpj;bat;asm;asmx</Extensions>
    </Filter>
    <Filter Include="Source Files">
      <UniqueIdentifier>{4FC737F1-C7A5-4376-A066-2A32D752A2FF}</UniqueIdentifier>
      <Extensions>cpp;c;cxx;def;odl;idl;hpj;bat;asm;asmx</Extensions>
    </Filter>
    <Filter Include="Distribution Files">
      <UniqueIdentifier>{B83CAF91-C7BF-462F-B76C-EA11631F866C}</UniqueIdentifier>
      <Extensions>*</Extensions>
      <ParseFiles>false</ParseFiles>
    </Filter>
    <Filter Include="Distribution Files">
      <UniqueIdentifier>{B83CAF91-C7BF-462F-B76C-EA11631F866C}</UniqueIdentifier>
      <Extensions>*</Extensions>
      <ParseFiles>false</ParseFiles>
    </Filter>
  </ItemGroup>
  <ItemGroup>
    <ClCompile Include="Refactor\Audio\AudioPlayer.cpp">
      <Filter>Source Files</Filter>
    </ClCompile>
    <ClCompile Include="ClockDialog.cpp">
      <Filter>Source Files</Filter>
    </ClCompile>
    <ClCompile Include="CollidingRectItem.cpp">
      <Filter>Source Files</Filter>
    </ClCompile>
    <ClCompile Include="CutSolidVerticalLine.cpp">
      <Filter>Source Files</Filter>
    </ClCompile>
    <ClCompile Include="DMXLightDialog.cpp">
      <Filter>Source Files</Filter>
    </ClCompile>
    <ClCompile Include="DominoSetting.cpp">
      <Filter>Source Files</Filter>
    </ClCompile>
    <ClCompile Include="ElecDeviceRectItem.cpp">
      <Filter>Source Files</Filter>
    </ClCompile>
    <ClCompile Include="ElecDeviceShowWidget.cpp">
      <Filter>Source Files</Filter>
    </ClCompile>
    <ClCompile Include="Refactor\Audio\FmodAudioPlayer.cpp">
      <Filter>Source Files</Filter>
    </ClCompile>
    <ClCompile Include="MovableVerticalLine.cpp">
      <Filter>Source Files</Filter>
    </ClCompile>
    <ClCompile Include="MusicGraphicsView.cpp">
      <Filter>Source Files</Filter>
    </ClCompile>
    <ClCompile Include="MusicWidget.cpp">
      <Filter>Source Files</Filter>
    </ClCompile>
    <ClCompile Include="OrbitDialog.cpp">
      <Filter>Source Files</Filter>
    </ClCompile>
    <ClCompile Include="ProgramControl.cpp">
      <Filter>Source Files</Filter>
    </ClCompile>
    <ClCompile Include="QDeviceInfoDialog.cpp">
      <Filter>Source Files</Filter>
    </ClCompile>
    <ClCompile Include="QFileHelper.cpp">
      <Filter>Source Files</Filter>
    </ClCompile>
    <ClCompile Include="QOutPutDialog.cpp">
      <Filter>Source Files</Filter>
    </ClCompile>
    <ClCompile Include="QShowTeamsDialog.cpp">
      <Filter>Source Files</Filter>
    </ClCompile>
    <ClCompile Include="QSubTreeView.cpp">
      <Filter>Source Files</Filter>
    </ClCompile>
    <ClCompile Include="QTreeItem.cpp">
      <Filter>Source Files</Filter>
    </ClCompile>
    <ClCompile Include="QTreeMode.cpp">
      <Filter>Source Files</Filter>
    </ClCompile>
    <ClCompile Include="SelectImageDialog.cpp">
      <Filter>Source Files</Filter>
    </ClCompile>
    <ClCompile Include="StaticValue.cpp">
      <Filter>Source Files</Filter>
    </ClCompile>
    <ClCompile Include="addquedialog.cpp">
      <Filter>Source Files</Filter>
    </ClCompile>
    <ClCompile Include="aosetting.cpp">
      <Filter>Source Files</Filter>
    </ClCompile>
    <ClCompile Include="dialoglogindraw.cpp">
      <Filter>Source Files</Filter>
    </ClCompile>
    <ClCompile Include="drawprodialog.cpp">
      <Filter>Source Files</Filter>
    </ClCompile>
    <ClCompile Include="drawtabledialog.cpp">
      <Filter>Source Files</Filter>
    </ClCompile>
    <ClCompile Include="editiddialog.cpp">
      <Filter>Source Files</Filter>
    </ClCompile>
    <ClCompile Include="heartbeat.cpp">
      <Filter>Source Files</Filter>
    </ClCompile>
    <ClCompile Include="ipadimagesetdialog.cpp">
      <Filter>Source Files</Filter>
    </ClCompile>
    <ClCompile Include="lineitem.cpp">
      <Filter>Source Files</Filter>
    </ClCompile>
    <ClCompile Include="main.cpp">
      <Filter>Source Files</Filter>
    </ClCompile>
    <ClCompile Include="mainwindow.cpp">
      <Filter>Source Files</Filter>
    </ClCompile>
    <ClCompile Include="myitem.cpp">
      <Filter>Source Files</Filter>
    </ClCompile>
    <ClCompile Include="ontimesetdialog.cpp">
      <Filter>Source Files</Filter>
    </ClCompile>
    <ClCompile Include="ouputViewer.cpp">
      <Filter>Source Files</Filter>
    </ClCompile>
    <ClCompile Include="pingthread.cpp">
      <Filter>Source Files</Filter>
    </ClCompile>
    <ClCompile Include="playtiming.cpp">
      <Filter>Source Files</Filter>
    </ClCompile>
    <ClCompile Include="vendors\qcustomplot\qcustomplot.cpp">
      <Filter>Source Files</Filter>
    </ClCompile>
    <ClCompile Include="remotedlg.cpp">
      <Filter>Source Files</Filter>
    </ClCompile>
    <ClCompile Include="senddatathread.cpp">
      <Filter>Source Files</Filter>
    </ClCompile>
    <ClCompile Include="spectrumwidget.cpp">
      <Filter>Source Files</Filter>
    </ClCompile>
    <ClCompile Include="Model\Track\track.cpp">
      <Filter>Source Files</Filter>
    </ClCompile>
    <ClCompile Include="winperformance.cpp">
      <Filter>Source Files</Filter>
    </ClCompile>
  </ItemGroup>
  <ItemGroup>
    <QtMoc Include="Refactor\Audio\AudioPlayer.h">
      <Filter>Header Files</Filter>
    </QtMoc>
    <QtMoc Include="ClassDefined.h">
      <Filter>Header Files</Filter>
    </QtMoc>
    <QtMoc Include="ClockDialog.h">
      <Filter>Header Files</Filter>
    </QtMoc>
    <QtMoc Include="CollidingRectItem.h">
      <Filter>Header Files</Filter>
    </QtMoc>
    <ClInclude Include="CommonFile.h">
      <Filter>Header Files</Filter>
    </ClInclude>
    <QtMoc Include="CutSolidVerticalLine.h">
      <Filter>Header Files</Filter>
    </QtMoc>
    <QtMoc Include="DMXLightDialog.h">
      <Filter>Header Files</Filter>
    </QtMoc>
    <QtMoc Include="DominoSetting.h">
      <Filter>Header Files</Filter>
    </QtMoc>
    <QtMoc Include="ElecDeviceRectItem.h">
      <Filter>Header Files</Filter>
    </QtMoc>
    <QtMoc Include="ElecDeviceShowWidget.h">
      <Filter>Header Files</Filter>
    </QtMoc>
    <ClInclude Include="Refactor\Audio\FmodAudioPlayer.h">
      <Filter>Header Files</Filter>
    </ClInclude>
    <ClInclude Include="LockCode.h">
      <Filter>Header Files</Filter>
    </ClInclude>
    <QtMoc Include="MovableVerticalLine.h">
      <Filter>Header Files</Filter>
    </QtMoc>
    <QtMoc Include="MusicGraphicsView.h">
      <Filter>Header Files</Filter>
    </QtMoc>
    <QtMoc Include="MusicWidget.h">
      <Filter>Header Files</Filter>
    </QtMoc>
    <QtMoc Include="OrbitDialog.h">
      <Filter>Header Files</Filter>
    </QtMoc>
    <QtMoc Include="ProgramControl.h">
      <Filter>Header Files</Filter>
    </QtMoc>
    <QtMoc Include="QDeviceInfoDialog.h">
      <Filter>Header Files</Filter>
    </QtMoc>
    <QtMoc Include="QFileHelper.h">
      <Filter>Header Files</Filter>
    </QtMoc>
    <QtMoc Include="QOutPutDialog.h">
      <Filter>Header Files</Filter>
    </QtMoc>
    <QtMoc Include="QShowTeamsDialog.h">
      <Filter>Header Files</Filter>
    </QtMoc>
    <QtMoc Include="QSubTreeView.h">
      <Filter>Header Files</Filter>
    </QtMoc>
    <ClInclude Include="QTreeItem.h">
      <Filter>Header Files</Filter>
    </ClInclude>
    <QtMoc Include="QTreeMode.h">
      <Filter>Header Files</Filter>
    </QtMoc>
    <QtMoc Include="SelectImageDialog.h">
      <Filter>Header Files</Filter>
    </QtMoc>
    <QtMoc Include="StaticValue.h">
      <Filter>Header Files</Filter>
    </QtMoc>
    <QtMoc Include="addquedialog.h">
      <Filter>Header Files</Filter>
    </QtMoc>
    <QtMoc Include="aosetting.h">
      <Filter>Header Files</Filter>
    </QtMoc>
    <QtMoc Include="dialoglogindraw.h">
      <Filter>Header Files</Filter>
    </QtMoc>
    <QtMoc Include="drawprodialog.h">
      <Filter>Header Files</Filter>
    </QtMoc>
    <QtMoc Include="drawtabledialog.h">
      <Filter>Header Files</Filter>
    </QtMoc>
    <QtMoc Include="editiddialog.h">
      <Filter>Header Files</Filter>
    </QtMoc>
    <ClInclude Include="globalparams.h">
      <Filter>Header Files</Filter>
    </ClInclude>
    <QtMoc Include="heartbeat.h">
      <Filter>Header Files</Filter>
    </QtMoc>
    <QtMoc Include="ipadimagesetdialog.h">
      <Filter>Header Files</Filter>
    </QtMoc>
    <ClInclude Include="lineitem.h">
      <Filter>Header Files</Filter>
    </ClInclude>
    <QtMoc Include="mainwindow.h">
      <Filter>Header Files</Filter>
    </QtMoc>
    <QtMoc Include="myitem.h">
      <Filter>Header Files</Filter>
    </QtMoc>
    <QtMoc Include="ontimesetdialog.h">
      <Filter>Header Files</Filter>
    </QtMoc>
    <QtMoc Include="ouputViewer.h">
      <Filter>Header Files</Filter>
    </QtMoc>
    <QtMoc Include="pingthread.h">
      <Filter>Header Files</Filter>
    </QtMoc>
    <QtMoc Include="playtiming.h">
      <Filter>Header Files</Filter>
    </QtMoc>
    <QtMoc Include="vendors\qcustomplot\qcustomplot.h">
      <Filter>Header Files</Filter>
    </QtMoc>
    <QtMoc Include="remotedlg.h">
      <Filter>Header Files</Filter>
    </QtMoc>
    <QtMoc Include="senddatathread.h">
      <Filter>Header Files</Filter>
    </QtMoc>
    <QtMoc Include="spectrumwidget.h">
      <Filter>Header Files</Filter>
    </QtMoc>
    <ClInclude Include="Model\Track\track.h">
      <Filter>Header Files</Filter>
    </ClInclude>
    <QtMoc Include="winperformance.h">
      <Filter>Header Files</Filter>
    </QtMoc>
  </ItemGroup>
  <ItemGroup>
    <CustomBuild Include="D:\SCR\QGLWater-Src-2026-01-16_SL40 - Clock\Src-2026-01-16\build\x64\objs\moc\moc_predefs.h.cbt">
      <Filter>Generated Files</Filter>
    </CustomBuild>
  </ItemGroup>
  <ItemGroup>
    <QtUic Include="ClockDialog.ui">
      <Filter>Form Files</Filter>
    </QtUic>
    <QtUic Include="DMXLightDialog.ui">
      <Filter>Form Files</Filter>
    </QtUic>
    <QtUic Include="DominoSetting.ui">
      <Filter>Form Files</Filter>
    </QtUic>
    <QtUic Include="ElecDeviceShowWidget.ui">
      <Filter>Form Files</Filter>
    </QtUic>
    <QtUic Include="OrbitDialog.ui">
      <Filter>Form Files</Filter>
    </QtUic>
    <QtUic Include="ProgramControl.ui">
      <Filter>Form Files</Filter>
    </QtUic>
    <QtUic Include="QDeviceInfoDialog.ui">
      <Filter>Form Files</Filter>
    </QtUic>
    <QtUic Include="QOutPutDialog.ui">
      <Filter>Form Files</Filter>
    </QtUic>
    <QtUic Include="QShowTeamsDialog.ui">
      <Filter>Form Files</Filter>
    </QtUic>
    <QtUic Include="SelectImageDialog.ui">
      <Filter>Form Files</Filter>
    </QtUic>
    <QtUic Include="addquedialog.ui">
      <Filter>Form Files</Filter>
    </QtUic>
    <QtUic Include="aosetting.ui">
      <Filter>Form Files</Filter>
    </QtUic>
    <QtUic Include="dialoglogindraw.ui">
      <Filter>Form Files</Filter>
    </QtUic>
    <QtUic Include="drawprodialog.ui">
      <Filter>Form Files</Filter>
    </QtUic>
    <QtUic Include="drawtabledialog.ui">
      <Filter>Form Files</Filter>
    </QtUic>
    <QtUic Include="editiddialog.ui">
      <Filter>Form Files</Filter>
    </QtUic>
    <QtUic Include="heartbeat.ui">
      <Filter>Form Files</Filter>
    </QtUic>
    <QtUic Include="ipadimagesetdialog.ui">
      <Filter>Form Files</Filter>
    </QtUic>
    <QtUic Include="mainwindow.ui">
      <Filter>Form Files</Filter>
    </QtUic>
    <QtUic Include="ontimesetdialog.ui">
      <Filter>Form Files</Filter>
    </QtUic>
    <QtUic Include="ouputViewer.ui">
      <Filter>Form Files</Filter>
    </QtUic>
    <QtUic Include="playtiming.ui">
      <Filter>Form Files</Filter>
    </QtUic>
    <QtUic Include="remotedlg.ui">
      <Filter>Form Files</Filter>
    </QtUic>
    <QtUic Include="spectrumwidget.ui">
      <Filter>Form Files</Filter>
    </QtUic>
  </ItemGroup>
  <ItemGroup>
    <None Include="dark.qss">
      <Filter>Distribution Files</Filter>
    </None>
    <None Include="C:\Users\Emma\Desktop\icon1~2.ico">
      <Filter>Distribution Files</Filter>
    </None>
  </ItemGroup>
  <ItemGroup>
    <ResourceCompile Include="D:\SCR\QGLWater-Src-2026-01-16_SL40 - Clock\Src-2026-01-16\QGLWater_resource.rc" />
  </ItemGroup>
  <ItemGroup>
    <ClInclude Include="config.h">
      <Filter>Header Files</Filter>
    </ClInclude>
  </ItemGroup>
</Project>